
Microsoft Visual Studio Solution File, Format Version 12.00
# Visual Studio Version 17
VisualStudioVersion = 17.13.35931.197 d17.13
MinimumVisualStudioVersion = 10.0.40219.1
Project("{FAE04EC0-301F-11D3-BF4B-00C04F79EFBC}") = "Basket.Domain", "Basket.Domain\Basket.Domain.csproj", "{B932D757-AD36-42BF-958F-8C60514CE176}"
EndProject
Project("{FAE04EC0-301F-11D3-BF4B-00C04F79EFBC}") = "Basket.Application", "Basket.Application\Basket.Application.csproj", "{4A833CE1-0CA0-475D-8CFF-4BB2A674F806}"
EndProject
Project("{FAE04EC0-301F-11D3-BF4B-00C04F79EFBC}") = "Basket.Infrastructure", "Basket.Infrastructure\Basket.Infrastructure.csproj", "{2E9C376D-B9D7-4285-8482-BFE613063D6C}"
EndProject
Project("{FAE04EC0-301F-11D3-BF4B-00C04F79EFBC}") = "Basket.API", "Basket.API\Basket.API.csproj", "{16A5B4CA-02D1-4CD6-91A3-B5C82F0ABB94}"
EndProject
Project("{FAE04EC0-301F-11D3-BF4B-00C04F79EFBC}") = "Basket.Tests", "Basket.Tests\Basket.Tests.csproj", "{D33B5730-DD9F-43DE-BD32-7F4C87B85183}"
EndProject
Global
	GlobalSection(SolutionConfigurationPlatforms) = preSolution
		Debug|Any CPU = Debug|Any CPU
		Release|Any CPU = Release|Any CPU
	EndGlobalSection
	GlobalSection(ProjectConfigurationPlatforms) = postSolution
		{B932D757-AD36-42BF-958F-8C60514CE176}.Debug|Any CPU.ActiveCfg = Debug|Any CPU
		{B932D757-AD36-42BF-958F-8C60514CE176}.Debug|Any CPU.Build.0 = Debug|Any CPU
		{B932D757-AD36-42BF-958F-8C60514CE176}.Release|Any CPU.ActiveCfg = Release|Any CPU
		{B932D757-AD36-42BF-958F-8C60514CE176}.Release|Any CPU.Build.0 = Release|Any CPU
		{4A833CE1-0CA0-475D-8CFF-4BB2A674F806}.Debug|Any CPU.ActiveCfg = Debug|Any CPU
		{4A833CE1-0CA0-475D-8CFF-4BB2A674F806}.Debug|Any CPU.Build.0 = Debug|Any CPU
		{4A833CE1-0CA0-475D-8CFF-4BB2A674F806}.Release|Any CPU.ActiveCfg = Release|Any CPU
		{4A833CE1-0CA0-475D-8CFF-4BB2A674F806}.Release|Any CPU.Build.0 = Release|Any CPU
		{2E9C376D-B9D7-4285-8482-BFE613063D6C}.Debug|Any CPU.ActiveCfg = Debug|Any CPU
		{2E9C376D-B9D7-4285-8482-BFE613063D6C}.Debug|Any CPU.Build.0 = Debug|Any CPU
		{2E9C376D-B9D7-4285-8482-BFE613063D6C}.Release|Any CPU.ActiveCfg = Release|Any CPU
		{2E9C376D-B9D7-4285-8482-BFE613063D6C}.Release|Any CPU.Build.0 = Release|Any CPU
		{16A5B4CA-02D1-4CD6-91A3-B5C82F0ABB94}.Debug|Any CPU.ActiveCfg = Debug|Any CPU
		{16A5B4CA-02D1-4CD6-91A3-B5C82F0ABB94}.Debug|Any CPU.Build.0 = Debug|Any CPU
		{16A5B4CA-02D1-4CD6-91A3-B5C82F0ABB94}.Release|Any CPU.ActiveCfg = Release|Any CPU
		{16A5B4CA-02D1-4CD6-91A3-B5C82F0ABB94}.Release|Any CPU.Build.0 = Release|Any CPU
		{D33B5730-DD9F-43DE-BD32-7F4C87B85183}.Debug|Any CPU.ActiveCfg = Debug|Any CPU
		{D33B5730-DD9F-43DE-BD32-7F4C87B85183}.Debug|Any CPU.Build.0 = Debug|Any CPU
		{D33B5730-DD9F-43DE-BD32-7F4C87B85183}.Release|Any CPU.ActiveCfg = Release|Any CPU
		{D33B5730-DD9F-43DE-BD32-7F4C87B85183}.Release|Any CPU.Build.0 = Release|Any CPU
	EndGlobalSection
	GlobalSection(SolutionProperties) = preSolution
		HideSolutionNode = FALSE
	EndGlobalSection
	GlobalSection(ExtensibilityGlobals) = postSolution
		SolutionGuid = {0F784C0C-E850-44F3-AC1E-0A5C661CBE8F}
	EndGlobalSection
EndGlobal
